// !$*UTF8*$!
{
	archiveVersion = 1;
	classes = {
	};
	objectVersion = 50;
	objects = {

/* Begin PBXBuildFile section */
		53417E28240CF5FA006BD34D /* GenericCharacter.swift in Sources */ = {isa = PBXBuildFile; fileRef = 53417E27240CF5FA006BD34D /* GenericCharacter.swift */; };
		53417E2C240CF8D0006BD34D /* StartMenu.swift in Sources */ = {isa = PBXBuildFile; fileRef = 53417E2B240CF8D0006BD34D /* StartMenu.swift */; };
		53417E2E240D0037006BD34D /* GenericLevel.swift in Sources */ = {isa = PBXBuildFile; fileRef = 53417E2D240D0037006BD34D /* GenericLevel.swift */; };
		53417E30240D0CAA006BD34D /* PauseMenu.swift in Sources */ = {isa = PBXBuildFile; fileRef = 53417E2F240D0CAA006BD34D /* PauseMenu.swift */; };
		5367DF162415FA5B0086B972 /* MainMenu.swift in Sources */ = {isa = PBXBuildFile; fileRef = 5367DF152415FA5B0086B972 /* MainMenu.swift */; };
		5367DF182415FDEE0086B972 /* PostMenu.swift in Sources */ = {isa = PBXBuildFile; fileRef = 5367DF172415FDEE0086B972 /* PostMenu.swift */; };
		53980B66240D4549004885F8 /* Button.swift in Sources */ = {isa = PBXBuildFile; fileRef = 53980B65240D4549004885F8 /* Button.swift */; };
		53980B68240D51BA004885F8 /* InGameScene.swift in Sources */ = {isa = PBXBuildFile; fileRef = 53980B67240D51BA004885F8 /* InGameScene.swift */; };
		53B8C4A923FF71E900FCD5F9 /* AppDelegate.swift in Sources */ = {isa = PBXBuildFile; fileRef = 53B8C4A823FF71E900FCD5F9 /* AppDelegate.swift */; };
		53B8C4AB23FF71E900FCD5F9 /* art.scnassets in Resources */ = {isa = PBXBuildFile; fileRef = 53B8C4AA23FF71E900FCD5F9 /* art.scnassets */; };
		53B8C4AD23FF71E900FCD5F9 /* GameViewController.swift in Sources */ = {isa = PBXBuildFile; fileRef = 53B8C4AC23FF71E900FCD5F9 /* GameViewController.swift */; };
		53B8C4B023FF71E900FCD5F9 /* Main.storyboard in Resources */ = {isa = PBXBuildFile; fileRef = 53B8C4AE23FF71E900FCD5F9 /* Main.storyboard */; };
		53B8C4B223FF71EA00FCD5F9 /* Assets.xcassets in Resources */ = {isa = PBXBuildFile; fileRef = 53B8C4B123FF71EA00FCD5F9 /* Assets.xcassets */; };
		53B8C4B523FF71EA00FCD5F9 /* LaunchScreen.storyboard in Resources */ = {isa = PBXBuildFile; fileRef = 53B8C4B323FF71EA00FCD5F9 /* LaunchScreen.storyboard */; };
/* End PBXBuildFile section */

/* Begin PBXFileReference section */
		53417E27240CF5FA006BD34D /* GenericCharacter.swift */ = {isa = PBXFileReference; lastKnownFileType = sourcecode.swift; path = GenericCharacter.swift; sourceTree = "<group>"; };
		53417E2B240CF8D0006BD34D /* StartMenu.swift */ = {isa = PBXFileReference; lastKnownFileType = sourcecode.swift; path = StartMenu.swift; sourceTree = "<group>"; };
		53417E2D240D0037006BD34D /* GenericLevel.swift */ = {isa = PBXFileReference; lastKnownFileType = sourcecode.swift; path = GenericLevel.swift; sourceTree = "<group>"; };
		53417E2F240D0CAA006BD34D /* PauseMenu.swift */ = {isa = PBXFileReference; lastKnownFileType = sourcecode.swift; path = PauseMenu.swift; sourceTree = "<group>"; };
		5367DF152415FA5B0086B972 /* MainMenu.swift */ = {isa = PBXFileReference; lastKnownFileType = sourcecode.swift; path = MainMenu.swift; sourceTree = "<group>"; };
		5367DF172415FDEE0086B972 /* PostMenu.swift */ = {isa = PBXFileReference; lastKnownFileType = sourcecode.swift; path = PostMenu.swift; sourceTree = "<group>"; };
		539663F7243DCB8700AFFE12 /* VuforiaBridge.framework */ = {isa = PBXFileReference; explicitFileType = wrapper.framework; path = VuforiaBridge.framework; sourceTree = BUILT_PRODUCTS_DIR; };
		53980B65240D4549004885F8 /* Button.swift */ = {isa = PBXFileReference; lastKnownFileType = sourcecode.swift; path = Button.swift; sourceTree = "<group>"; };
		53980B67240D51BA004885F8 /* InGameScene.swift */ = {isa = PBXFileReference; lastKnownFileType = sourcecode.swift; path = InGameScene.swift; sourceTree = "<group>"; };
		53B8C4A523FF71E900FCD5F9 /* CodingAwbieClone.app */ = {isa = PBXFileReference; explicitFileType = wrapper.application; includeInIndex = 0; path = CodingAwbieClone.app; sourceTree = BUILT_PRODUCTS_DIR; };
		53B8C4A823FF71E900FCD5F9 /* AppDelegate.swift */ = {isa = PBXFileReference; lastKnownFileType = sourcecode.swift; path = AppDelegate.swift; sourceTree = "<group>"; };
		53B8C4AA23FF71E900FCD5F9 /* art.scnassets */ = {isa = PBXFileReference; lastKnownFileType = wrapper.scnassets; path = art.scnassets; sourceTree = "<group>"; };
		53B8C4AC23FF71E900FCD5F9 /* GameViewController.swift */ = {isa = PBXFileReference; lastKnownFileType = sourcecode.swift; path = GameViewController.swift; sourceTree = "<group>"; };
		53B8C4AF23FF71E900FCD5F9 /* Base */ = {isa = PBXFileReference; lastKnownFileType = file.storyboard; name = Base; path = Base.lproj/Main.storyboard; sourceTree = "<group>"; };
		53B8C4B123FF71EA00FCD5F9 /* Assets.xcassets */ = {isa = PBXFileReference; lastKnownFileType = folder.assetcatalog; path = Assets.xcassets; sourceTree = "<group>"; };
		53B8C4B423FF71EA00FCD5F9 /* Base */ = {isa = PBXFileReference; lastKnownFileType = file.storyboard; name = Base; path = Base.lproj/LaunchScreen.storyboard; sourceTree = "<group>"; };
		53B8C4B623FF71EA00FCD5F9 /* Info.plist */ = {isa = PBXFileReference; lastKnownFileType = text.plist.xml; path = Info.plist; sourceTree = "<group>"; };
/* End PBXFileReference section */

/* Begin PBXFrameworksBuildPhase section */
		53B8C4A223FF71E900FCD5F9 /* Frameworks */ = {
			isa = PBXFrameworksBuildPhase;
			buildActionMask = 2147483647;
			files = (
			);
			runOnlyForDeploymentPostprocessing = 0;
		};
/* End PBXFrameworksBuildPhase section */

/* Begin PBXGroup section */
		53417E26240CF43F006BD34D /* Detection */ = {
			isa = PBXGroup;
			children = (
			);
			path = Detection;
			sourceTree = "<group>";
		};
		53417E29240CF8B2006BD34D /* UI */ = {
			isa = PBXGroup;
			children = (
				53417E2B240CF8D0006BD34D /* StartMenu.swift */,
				53417E2F240D0CAA006BD34D /* PauseMenu.swift */,
				53980B65240D4549004885F8 /* Button.swift */,
				53980B67240D51BA004885F8 /* InGameScene.swift */,
				5367DF152415FA5B0086B972 /* MainMenu.swift */,
				5367DF172415FDEE0086B972 /* PostMenu.swift */,
			);
			path = UI;
			sourceTree = "<group>";
		};
		539663F6243DCB8700AFFE12 /* Frameworks */ = {
			isa = PBXGroup;
			children = (
				539663F7243DCB8700AFFE12 /* VuforiaBridge.framework */,
			);
			name = Frameworks;
			sourceTree = "<group>";
		};
		53B8C49C23FF71E900FCD5F9 = {
			isa = PBXGroup;
			children = (
				53B8C4A723FF71E900FCD5F9 /* CodingAwbieClone */,
				53B8C4A623FF71E900FCD5F9 /* Products */,
				539663F6243DCB8700AFFE12 /* Frameworks */,
			);
			sourceTree = "<group>";
		};
		53B8C4A623FF71E900FCD5F9 /* Products */ = {
			isa = PBXGroup;
			children = (
				53B8C4A523FF71E900FCD5F9 /* CodingAwbieClone.app */,
			);
			name = Products;
			sourceTree = "<group>";
		};
		53B8C4A723FF71E900FCD5F9 /* CodingAwbieClone */ = {
			isa = PBXGroup;
			children = (
				53417E29240CF8B2006BD34D /* UI */,
				53417E26240CF43F006BD34D /* Detection */,
				53B8C4BE23FF729A00FCD5F9 /* Character */,
				53B8C4BD23FF729100FCD5F9 /* Level */,
				53B8C4BC23FF728400FCD5F9 /* Sound */,
				53B8C4A823FF71E900FCD5F9 /* AppDelegate.swift */,
				53B8C4AA23FF71E900FCD5F9 /* art.scnassets */,
				53B8C4AC23FF71E900FCD5F9 /* GameViewController.swift */,
				53B8C4AE23FF71E900FCD5F9 /* Main.storyboard */,
				53B8C4B123FF71EA00FCD5F9 /* Assets.xcassets */,
				53B8C4B323FF71EA00FCD5F9 /* LaunchScreen.storyboard */,
				53B8C4B623FF71EA00FCD5F9 /* Info.plist */,
			);
			path = CodingAwbieClone;
			sourceTree = "<group>";
		};
		53B8C4BC23FF728400FCD5F9 /* Sound */ = {
			isa = PBXGroup;
			children = (
			);
			path = Sound;
			sourceTree = "<group>";
		};
		53B8C4BD23FF729100FCD5F9 /* Level */ = {
			isa = PBXGroup;
			children = (
				53417E2D240D0037006BD34D /* GenericLevel.swift */,
			);
			path = Level;
			sourceTree = "<group>";
		};
		53B8C4BE23FF729A00FCD5F9 /* Character */ = {
			isa = PBXGroup;
			children = (
				53417E27240CF5FA006BD34D /* GenericCharacter.swift */,
			);
			path = Character;
			sourceTree = "<group>";
		};
/* End PBXGroup section */

/* Begin PBXNativeTarget section */
		53B8C4A423FF71E900FCD5F9 /* CodingAwbieClone */ = {
			isa = PBXNativeTarget;
			buildConfigurationList = 53B8C4B923FF71EA00FCD5F9 /* Build configuration list for PBXNativeTarget "CodingAwbieClone" */;
			buildPhases = (
				53B8C4A123FF71E900FCD5F9 /* Sources */,
				53B8C4A223FF71E900FCD5F9 /* Frameworks */,
				53B8C4A323FF71E900FCD5F9 /* Resources */,
			);
			buildRules = (
			);
			dependencies = (
			);
			name = CodingAwbieClone;
			productName = CodingAwbieClone;
			productReference = 53B8C4A523FF71E900FCD5F9 /* CodingAwbieClone.app */;
			productType = "com.apple.product-type.application";
		};
/* End PBXNativeTarget section */

/* Begin PBXProject section */
		53B8C49D23FF71E900FCD5F9 /* Project object */ = {
			isa = PBXProject;
			attributes = {
				LastSwiftUpdateCheck = 1130;
				LastUpgradeCheck = 1130;
				ORGANIZATIONNAME = "Huynh Lam Phu Si";
				TargetAttributes = {
					53B8C4A423FF71E900FCD5F9 = {
						CreatedOnToolsVersion = 11.3.1;
					};
				};
			};
			buildConfigurationList = 53B8C4A023FF71E900FCD5F9 /* Build configuration list for PBXProject "CodingAwbieClone" */;
			compatibilityVersion = "Xcode 9.3";
			developmentRegion = en;
			hasScannedForEncodings = 0;
			knownRegions = (
				en,
				Base,
			);
			mainGroup = 53B8C49C23FF71E900FCD5F9;
			productRefGroup = 53B8C4A623FF71E900FCD5F9 /* Products */;
			projectDirPath = "";
			projectRoot = "";
			targets = (
				53B8C4A423FF71E900FCD5F9 /* CodingAwbieClone */,
			);
		};
/* End PBXProject section */

/* Begin PBXResourcesBuildPhase section */
		53B8C4A323FF71E900FCD5F9 /* Resources */ = {
			isa = PBXResourcesBuildPhase;
			buildActionMask = 2147483647;
			files = (
				53B8C4AB23FF71E900FCD5F9 /* art.scnassets in Resources */,
				53B8C4B523FF71EA00FCD5F9 /* LaunchScreen.storyboard in Resources */,
				53B8C4B223FF71EA00FCD5F9 /* Assets.xcassets in Resources */,
				53B8C4B023FF71E900FCD5F9 /* Main.storyboard in Resources */,
			);
			runOnlyForDeploymentPostprocessing = 0;
		};
/* End PBXResourcesBuildPhase section */

/* Begin PBXSourcesBuildPhase section */
		53B8C4A123FF71E900FCD5F9 /* Sources */ = {
			isa = PBXSourcesBuildPhase;
			buildActionMask = 2147483647;
			files = (
				5367DF182415FDEE0086B972 /* PostMenu.swift in Sources */,
				53980B66240D4549004885F8 /* Button.swift in Sources */,
				5367DF162415FA5B0086B972 /* MainMenu.swift in Sources */,
				53417E2E240D0037006BD34D /* GenericLevel.swift in Sources */,
				53B8C4AD23FF71E900FCD5F9 /* GameViewController.swift in Sources */,
				53980B68240D51BA004885F8 /* InGameScene.swift in Sources */,
				53417E2C240CF8D0006BD34D /* StartMenu.swift in Sources */,
				53B8C4A923FF71E900FCD5F9 /* AppDelegate.swift in Sources */,
				53417E28240CF5FA006BD34D /* GenericCharacter.swift in Sources */,
				53417E30240D0CAA006BD34D /* PauseMenu.swift in Sources */,
			);
			runOnlyForDeploymentPostprocessing = 0;
		};
/* End PBXSourcesBuildPhase section */

/* Begin PBXVariantGroup section */
		53B8C4AE23FF71E900FCD5F9 /* Main.storyboard */ = {
			isa = PBXVariantGroup;
			children = (
				53B8C4AF23FF71E900FCD5F9 /* Base */,
			);
			name = Main.storyboard;
			sourceTree = "<group>";
		};
		53B8C4B323FF71EA00FCD5F9 /* LaunchScreen.storyboard */ = {
			isa = PBXVariantGroup;
			children = (
				53B8C4B423FF71EA00FCD5F9 /* Base */,
			);
			name = LaunchScreen.storyboard;
			sourceTree = "<group>";
		};
/* End PBXVariantGroup section */

/* Begin XCBuildConfiguration section */
		53B8C4B723FF71EA00FCD5F9 /* Debug */ = {
			isa = XCBuildConfiguration;
			buildSettings = {
				ALWAYS_SEARCH_USER_PATHS = NO;
				CLANG_ANALYZER_NONNULL = YES;
				CLANG_ANALYZER_NUMBER_OBJECT_CONVERSION = YES_AGGRESSIVE;
				CLANG_CXX_LANGUAGE_STANDARD = "gnu++14";
				CLANG_CXX_LIBRARY = "libc++";
				CLANG_ENABLE_MODULES = YES;
				CLANG_ENABLE_OBJC_ARC = YES;
				CLANG_ENABLE_OBJC_WEAK = YES;
				CLANG_WARN_BLOCK_CAPTURE_AUTORELEASING = YES;
				CLANG_WARN_BOOL_CONVERSION = YES;
				CLANG_WARN_COMMA = YES;
				CLANG_WARN_CONSTANT_CONVERSION = YES;
				CLANG_WARN_DEPRECATED_OBJC_IMPLEMENTATIONS = YES;
				CLANG_WARN_DIRECT_OBJC_ISA_USAGE = YES_ERROR;
				CLANG_WARN_DOCUMENTATION_COMMENTS = YES;
				CLANG_WARN_EMPTY_BODY = YES;
				CLANG_WARN_ENUM_CONVERSION = YES;
				CLANG_WARN_INFINITE_RECURSION = YES;
				CLANG_WARN_INT_CONVERSION = YES;
				CLANG_WARN_NON_LITERAL_NULL_CONVERSION = YES;
				CLANG_WARN_OBJC_IMPLICIT_RETAIN_SELF = YES;
				CLANG_WARN_OBJC_LITERAL_CONVERSION = YES;
				CLANG_WARN_OBJC_ROOT_CLASS = YES_ERROR;
				CLANG_WARN_RANGE_LOOP_ANALYSIS = YES;
				CLANG_WARN_STRICT_PROTOTYPES = YES;
				CLANG_WARN_SUSPICIOUS_MOVE = YES;
				CLANG_WARN_UNGUARDED_AVAILABILITY = YES_AGGRESSIVE;
				CLANG_WARN_UNREACHABLE_CODE = YES;
				CLANG_WARN__DUPLICATE_METHOD_MATCH = YES;
				COPY_PHASE_STRIP = NO;
				DEBUG_INFORMATION_FORMAT = dwarf;
				ENABLE_STRICT_OBJC_MSGSEND = YES;
				ENABLE_TESTABILITY = YES;
				GCC_C_LANGUAGE_STANDARD = gnu11;
				GCC_DYNAMIC_NO_PIC = NO;
				GCC_NO_COMMON_BLOCKS = YES;
				GCC_OPTIMIZATION_LEVEL = 0;
				GCC_PREPROCESSOR_DEFINITIONS = (
					"DEBUG=1",
					"$(inherited)",
				);
				GCC_WARN_64_TO_32_BIT_CONVERSION = YES;
				GCC_WARN_ABOUT_RETURN_TYPE = YES_ERROR;
				GCC_WARN_UNDECLARED_SELECTOR = YES;
				GCC_WARN_UNINITIALIZED_AUTOS = YES_AGGRESSIVE;
				GCC_WARN_UNUSED_FUNCTION = YES;
				GCC_WARN_UNUSED_VARIABLE = YES;
				IPHONEOS_DEPLOYMENT_TARGET = 13.2;
				MTL_ENABLE_DEBUG_INFO = INCLUDE_SOURCE;
				MTL_FAST_MATH = YES;
				ONLY_ACTIVE_ARCH = YES;
				SDKROOT = iphoneos;
				SWIFT_ACTIVE_COMPILATION_CONDITIONS = DEBUG;
				SWIFT_OPTIMIZATION_LEVEL = "-Onone";
			};
			name = Debug;
		};
		53B8C4B823FF71EA00FCD5F9 /* Release */ = {
			isa = XCBuildConfiguration;
			buildSettings = {
				ALWAYS_SEARCH_USER_PATHS = NO;
				CLANG_ANALYZER_NONNULL = YES;
				CLANG_ANALYZER_NUMBER_OBJECT_CONVERSION = YES_AGGRESSIVE;
				CLANG_CXX_LANGUAGE_STANDARD = "gnu++14";
				CLANG_CXX_LIBRARY = "libc++";
				CLANG_ENABLE_MODULES = YES;
				CLANG_ENABLE_OBJC_ARC = YES;
				CLANG_ENABLE_OBJC_WEAK = YES;
				CLANG_WARN_BLOCK_CAPTURE_AUTORELEASING = YES;
				CLANG_WARN_BOOL_CONVERSION = YES;
				CLANG_WARN_COMMA = YES;
				CLANG_WARN_CONSTANT_CONVERSION = YES;
				CLANG_WARN_DEPRECATED_OBJC_IMPLEMENTATIONS = YES;
				CLANG_WARN_DIRECT_OBJC_ISA_USAGE = YES_ERROR;
				CLANG_WARN_DOCUMENTATION_COMMENTS = YES;
				CLANG_WARN_EMPTY_BODY = YES;
				CLANG_WARN_ENUM_CONVERSION = YES;
				CLANG_WARN_INFINITE_RECURSION = YES;
				CLANG_WARN_INT_CONVERSION = YES;
				CLANG_WARN_NON_LITERAL_NULL_CONVERSION = YES;
				CLANG_WARN_OBJC_IMPLICIT_RETAIN_SELF = YES;
				CLANG_WARN_OBJC_LITERAL_CONVERSION = YES;
				CLANG_WARN_OBJC_ROOT_CLASS = YES_ERROR;
				CLANG_WARN_RANGE_LOOP_ANALYSIS = YES;
				CLANG_WARN_STRICT_PROTOTYPES = YES;
				CLANG_WARN_SUSPICIOUS_MOVE = YES;
				CLANG_WARN_UNGUARDED_AVAILABILITY = YES_AGGRESSIVE;
				CLANG_WARN_UNREACHABLE_CODE = YES;
				CLANG_WARN__DUPLICATE_METHOD_MATCH = YES;
				COPY_PHASE_STRIP = NO;
				DEBUG_INFORMATION_FORMAT = "dwarf-with-dsym";
				ENABLE_NS_ASSERTIONS = NO;
				ENABLE_STRICT_OBJC_MSGSEND = YES;
				GCC_C_LANGUAGE_STANDARD = gnu11;
				GCC_NO_COMMON_BLOCKS = YES;
				GCC_WARN_64_TO_32_BIT_CONVERSION = YES;
				GCC_WARN_ABOUT_RETURN_TYPE = YES_ERROR;
				GCC_WARN_UNDECLARED_SELECTOR = YES;
				GCC_WARN_UNINITIALIZED_AUTOS = YES_AGGRESSIVE;
				GCC_WARN_UNUSED_FUNCTION = YES;
				GCC_WARN_UNUSED_VARIABLE = YES;
				IPHONEOS_DEPLOYMENT_TARGET = 13.2;
				MTL_ENABLE_DEBUG_INFO = NO;
				MTL_FAST_MATH = YES;
				SDKROOT = iphoneos;
				SWIFT_COMPILATION_MODE = wholemodule;
				SWIFT_OPTIMIZATION_LEVEL = "-O";
				VALIDATE_PRODUCT = YES;
			};
			name = Release;
		};
		53B8C4BA23FF71EA00FCD5F9 /* Debug */ = {
			isa = XCBuildConfiguration;
			buildSettings = {
				ASSETCATALOG_COMPILER_APPICON_NAME = AppIcon;
				CODE_SIGN_STYLE = Automatic;
				DEVELOPMENT_TEAM = 3NLA5R24DG;
				FRAMEWORK_SEARCH_PATHS = (
					"$(inherited)",
					"$(PROJECT_DIR)",
				);
				INFOPLIST_FILE = CodingAwbieClone/Info.plist;
				LD_RUNPATH_SEARCH_PATHS = (
					"$(inherited)",
					"@executable_path/Frameworks",
				);
				PRODUCT_BUNDLE_IDENTIFIER = VNG.Zalo.CodingAwbieClone;
				PRODUCT_NAME = "$(TARGET_NAME)";
				SWIFT_VERSION = 5.0;
				TARGETED_DEVICE_FAMILY = "1,2";
			};
			name = Debug;
		};
		53B8C4BB23FF71EA00FCD5F9 /* Release */ = {
			isa = XCBuildConfiguration;
			buildSettings = {
				ASSETCATALOG_COMPILER_APPICON_NAME = AppIcon;
				CODE_SIGN_STYLE = Automatic;
				DEVELOPMENT_TEAM = 3NLA5R24DG;
				FRAMEWORK_SEARCH_PATHS = (
					"$(inherited)",
					"$(PROJECT_DIR)",
				);
				INFOPLIST_FILE = CodingAwbieClone/Info.plist;
				LD_RUNPATH_SEARCH_PATHS = (
					"$(inherited)",
					"@executable_path/Frameworks",
				);
				PRODUCT_BUNDLE_IDENTIFIER = VNG.Zalo.CodingAwbieClone;
				PRODUCT_NAME = "$(TARGET_NAME)";
				SWIFT_VERSION = 5.0;
				TARGETED_DEVICE_FAMILY = "1,2";
			};
			name = Release;
		};
/* End XCBuildConfiguration section */

/* Begin XCConfigurationList section */
		53B8C4A023FF71E900FCD5F9 /* Build configuration list for PBXProject "CodingAwbieClone" */ = {
			isa = XCConfigurationList;
			buildConfigurations = (
				53B8C4B723FF71EA00FCD5F9 /* Debug */,
				53B8C4B823FF71EA00FCD5F9 /* Release */,
			);
			defaultConfigurationIsVisible = 0;
			defaultConfigurationName = Release;
		};
		53B8C4B923FF71EA00FCD5F9 /* Build configuration list for PBXNativeTarget "CodingAwbieClone" */ = {
			isa = XCConfigurationList;
			buildConfigurations = (
				53B8C4BA23FF71EA00FCD5F9 /* Debug */,
				53B8C4BB23FF71EA00FCD5F9 /* Release */,
			);
			defaultConfigurationIsVisible = 0;
			defaultConfigurationName = Release;
		};
/* End XCConfigurationList section */
	};
	rootObject = 53B8C49D23FF71E900FCD5F9 /* Project object */;
}
